
Microsoft Visual Studio Solution File, Format Version 12.00
# Visual Studio 14
VisualStudioVersion = 14.0.25420.1
MinimumVisualStudioVersion = 10.0.40219.1
Project("{FAE04EC0-301F-11D3-BF4B-00C04F79EFBC}") = "test", "test\test.csproj", "{E24DE376-5CDD-4E87-98A9-E711B6777523}"
EndProject
Project("{FAE04EC0-301F-11D3-BF4B-00C04F79EFBC}") = "languages", "languages.csproj", "{1E45CDDF-9ECF-4E99-A7D2-8B8F672F4526}"
EndProject
Global
	GlobalSection(SolutionConfigurationPlatforms) = preSolution
		Debug|Any CPU = Debug|Any CPU
		Release|Any CPU = Release|Any CPU
	EndGlobalSection
	GlobalSection(ProjectConfigurationPlatforms) = postSolution
		{E24DE376-5CDD-4E87-98A9-E711B6777523}.Debug|Any CPU.ActiveCfg = Debug|Any CPU
		{E24DE376-5CDD-4E87-98A9-E711B6777523}.Debug|Any CPU.Build.0 = Debug|Any CPU
		{E24DE376-5CDD-4E87-98A9-E711B6777523}.Release|Any CPU.ActiveCfg = Release|Any CPU
		{E24DE376-5CDD-4E87-98A9-E711B6777523}.Release|Any CPU.Build.0 = Release|Any CPU
		{1E45CDDF-9ECF-4E99-A7D2-8B8F672F4526}.Debug|Any CPU.ActiveCfg = Debug|Any CPU
		{1E45CDDF-9ECF-4E99-A7D2-8B8F672F4526}.Debug|Any CPU.Build.0 = Debug|Any CPU
		{1E45CDDF-9ECF-4E99-A7D2-8B8F672F4526}.Release|Any CPU.ActiveCfg = Release|Any CPU
		{1E45CDDF-9ECF-4E99-A7D2-8B8F672F4526}.Release|Any CPU.Build.0 = Release|Any CPU
	EndGlobalSection
	GlobalSection(SolutionProperties) = preSolution
		HideSolutionNode = FALSE
	EndGlobalSection
EndGlobal
